
Microsoft Visual Studio Solution File, Format Version 12.00
# Visual Studio Version 16
VisualStudioVersion = 16.0.33130.400
MinimumVisualStudioVersion = 10.0.40219.1
Project("{2150E333-8FDC-42A3-9474-1A3956D46DE8}") = "01 - Testes de Unidade", "01 - Testes de Unidade", "{4376DB04-A036-4306-8170-D17B5921DB62}"
EndProject
Project("{2150E333-8FDC-42A3-9474-1A3956D46DE8}") = "1.1 - Testes Basicos", "1.1 - Testes Basicos", "{9D1DD83A-453F-4F8B-9DBD-513C80D24D9A}"
EndProject
Project("{9A19103F-16F7-4668-BE54-9A1E7A4F7556}") = "Demo", "01 - Testes de unidade\Demo\Demo.csproj", "{75B13048-06CE-47AF-A7E4-2DAE8B51CC27}"
EndProject
Project("{9A19103F-16F7-4668-BE54-9A1E7A4F7556}") = "Demo.Tests", "01 - Testes de unidade\Demo.Tests\Demo.Tests.csproj", "{576115FC-FE6E-4EFF-85DB-D4ECF4291D62}"
EndProject
Project("{2150E333-8FDC-42A3-9474-1A3956D46DE8}") = "2.2 - Features", "2.2 - Features", "{045EA715-C0F0-4273-8B82-F807A59A785D}"
EndProject
Project("{FAE04EC0-301F-11D3-BF4B-00C04F79EFBC}") = "Features", "Features\Features.csproj", "{EA2E980E-9BBA-43BE-9864-DC0123E1AEC9}"
EndProject
Project("{FAE04EC0-301F-11D3-BF4B-00C04F79EFBC}") = "Features.Tests", "Features.Tests\Features.Tests.csproj", "{EC773690-7AAA-4BFD-BFF8-C9FBBDC93E70}"
EndProject
Global
	GlobalSection(SolutionConfigurationPlatforms) = preSolution
		Debug|Any CPU = Debug|Any CPU
		Release|Any CPU = Release|Any CPU
	EndGlobalSection
	GlobalSection(ProjectConfigurationPlatforms) = postSolution
		{75B13048-06CE-47AF-A7E4-2DAE8B51CC27}.Debug|Any CPU.ActiveCfg = Debug|Any CPU
		{75B13048-06CE-47AF-A7E4-2DAE8B51CC27}.Debug|Any CPU.Build.0 = Debug|Any CPU
		{75B13048-06CE-47AF-A7E4-2DAE8B51CC27}.Release|Any CPU.ActiveCfg = Release|Any CPU
		{75B13048-06CE-47AF-A7E4-2DAE8B51CC27}.Release|Any CPU.Build.0 = Release|Any CPU
		{576115FC-FE6E-4EFF-85DB-D4ECF4291D62}.Debug|Any CPU.ActiveCfg = Debug|Any CPU
		{576115FC-FE6E-4EFF-85DB-D4ECF4291D62}.Debug|Any CPU.Build.0 = Debug|Any CPU
		{576115FC-FE6E-4EFF-85DB-D4ECF4291D62}.Release|Any CPU.ActiveCfg = Release|Any CPU
		{576115FC-FE6E-4EFF-85DB-D4ECF4291D62}.Release|Any CPU.Build.0 = Release|Any CPU
		{EA2E980E-9BBA-43BE-9864-DC0123E1AEC9}.Debug|Any CPU.ActiveCfg = Debug|Any CPU
		{EA2E980E-9BBA-43BE-9864-DC0123E1AEC9}.Debug|Any CPU.Build.0 = Debug|Any CPU
		{EA2E980E-9BBA-43BE-9864-DC0123E1AEC9}.Release|Any CPU.ActiveCfg = Release|Any CPU
		{EA2E980E-9BBA-43BE-9864-DC0123E1AEC9}.Release|Any CPU.Build.0 = Release|Any CPU
		{EC773690-7AAA-4BFD-BFF8-C9FBBDC93E70}.Debug|Any CPU.ActiveCfg = Debug|Any CPU
		{EC773690-7AAA-4BFD-BFF8-C9FBBDC93E70}.Debug|Any CPU.Build.0 = Debug|Any CPU
		{EC773690-7AAA-4BFD-BFF8-C9FBBDC93E70}.Release|Any CPU.ActiveCfg = Release|Any CPU
		{EC773690-7AAA-4BFD-BFF8-C9FBBDC93E70}.Release|Any CPU.Build.0 = Release|Any CPU
	EndGlobalSection
	GlobalSection(SolutionProperties) = preSolution
		HideSolutionNode = FALSE
	EndGlobalSection
	GlobalSection(NestedProjects) = preSolution
		{9D1DD83A-453F-4F8B-9DBD-513C80D24D9A} = {4376DB04-A036-4306-8170-D17B5921DB62}
		{75B13048-06CE-47AF-A7E4-2DAE8B51CC27} = {9D1DD83A-453F-4F8B-9DBD-513C80D24D9A}
		{576115FC-FE6E-4EFF-85DB-D4ECF4291D62} = {9D1DD83A-453F-4F8B-9DBD-513C80D24D9A}
		{045EA715-C0F0-4273-8B82-F807A59A785D} = {4376DB04-A036-4306-8170-D17B5921DB62}
		{EA2E980E-9BBA-43BE-9864-DC0123E1AEC9} = {045EA715-C0F0-4273-8B82-F807A59A785D}
		{EC773690-7AAA-4BFD-BFF8-C9FBBDC93E70} = {045EA715-C0F0-4273-8B82-F807A59A785D}
	EndGlobalSection
	GlobalSection(ExtensibilityGlobals) = postSolution
		SolutionGuid = {192E6E40-A524-414A-B91F-2E23434BDB2B}
	EndGlobalSection
EndGlobal
